{
  "version": 4,
  "terraform_version": "1.14.9",
  "serial": 4,
  "lineage": "8b972974-bed4-88f9-c263-07ece4728583",
  "outputs": {},
  "resources": [
    {
      "mode": "managed",
      "type": "aws_ami_from_instance",
      "name": "New_AMI",
      "provider": "provider[\"registry.terraform.io/hashicorp/aws\"]",
      "instances": [
        {
          "status": "tainted",
          "schema_version": 0,
          "attributes": {
            "architecture": null,
            "arn": null,
            "boot_mode": null,
            "deprecation_time": null,
            "description": null,
            "ebs_block_device": [],
            "ena_support": null,
            "ephemeral_block_device": [],
            "hypervisor": null,
            "id": "ami-0fbf8e20e50412d27",
            "image_location": null,
            "image_owner_alias": null,
            "image_type": null,
            "imds_support": null,
            "kernel_id": null,
            "manage_ebs_snapshots": true,
            "name": "RHSA 03/25/2026",
            "owner_id": null,
            "platform": null,
            "platform_details": null,
            "public": null,
            "ramdisk_id": null,
            "root_device_name": null,
            "root_snapshot_id": null,
            "snapshot_without_reboot": null,
            "source_instance_id": "i-07b7d2d0e164635cc",
            "sriov_net_support": null,
            "tags": null,
            "tags_all": null,
            "timeouts": null,
            "tpm_support": null,
            "usage_operation": null,
            "virtualization_type": null
          },
          "sensitive_attributes": [],
          "identity_schema_version": 0,
          "private": "eyJlMmJmYjczMC1lY2FhLTExZTYtOGY4OC0zNDM2M2JjN2M0YzAiOnsiY3JlYXRlIjoyNDAwMDAwMDAwMDAwLCJkZWxldGUiOjU0MDAwMDAwMDAwMDAsInVwZGF0ZSI6MjQwMDAwMDAwMDAwMH19"
        }
      ]
    }
  ],
  "check_results": null
}
